
Microsoft Visual Studio Solution File, Format Version 12.00
# Visual Studio Version 17
VisualStudioVersion = 17.0.31919.166
MinimumVisualStudioVersion = 10.0.40219.1
Project("{9A19103F-16F7-4668-BE54-9A1E7A4F7556}") = "Bongobin.HclParser", "ClassLibrary2\Bongobin.HclParser.csproj", "{1E4B7F56-1832-4E99-92ED-0BF0D709AEC3}"
EndProject
Project("{9A19103F-16F7-4668-BE54-9A1E7A4F7556}") = "Bongobin.HclParser.Tests", "HclParser.Tests\Bongobin.HclParser.Tests.csproj", "{DECBD827-AD6E-4C55-9A8C-538BAC3B9916}"
EndProject
Project("{9A19103F-16F7-4668-BE54-9A1E7A4F7556}") = "Bongobin.Caffee", "caffee\Bongobin.Caffee.csproj", "{D843AEF3-EFE3-4CD2-AA9B-9D370F50DD5E}"
EndProject
Global
	GlobalSection(SolutionConfigurationPlatforms) = preSolution
		Debug|Any CPU = Debug|Any CPU
		Release|Any CPU = Release|Any CPU
	EndGlobalSection
	GlobalSection(ProjectConfigurationPlatforms) = postSolution
		{1E4B7F56-1832-4E99-92ED-0BF0D709AEC3}.Debug|Any CPU.ActiveCfg = Debug|Any CPU
		{1E4B7F56-1832-4E99-92ED-0BF0D709AEC3}.Debug|Any CPU.Build.0 = Debug|Any CPU
		{1E4B7F56-1832-4E99-92ED-0BF0D709AEC3}.Release|Any CPU.ActiveCfg = Release|Any CPU
		{1E4B7F56-1832-4E99-92ED-0BF0D709AEC3}.Release|Any CPU.Build.0 = Release|Any CPU
		{DECBD827-AD6E-4C55-9A8C-538BAC3B9916}.Debug|Any CPU.ActiveCfg = Debug|Any CPU
		{DECBD827-AD6E-4C55-9A8C-538BAC3B9916}.Debug|Any CPU.Build.0 = Debug|Any CPU
		{DECBD827-AD6E-4C55-9A8C-538BAC3B9916}.Release|Any CPU.ActiveCfg = Release|Any CPU
		{DECBD827-AD6E-4C55-9A8C-538BAC3B9916}.Release|Any CPU.Build.0 = Release|Any CPU
		{D843AEF3-EFE3-4CD2-AA9B-9D370F50DD5E}.Debug|Any CPU.ActiveCfg = Debug|Any CPU
		{D843AEF3-EFE3-4CD2-AA9B-9D370F50DD5E}.Debug|Any CPU.Build.0 = Debug|Any CPU
		{D843AEF3-EFE3-4CD2-AA9B-9D370F50DD5E}.Release|Any CPU.ActiveCfg = Release|Any CPU
		{D843AEF3-EFE3-4CD2-AA9B-9D370F50DD5E}.Release|Any CPU.Build.0 = Release|Any CPU
	EndGlobalSection
	GlobalSection(SolutionProperties) = preSolution
		HideSolutionNode = FALSE
	EndGlobalSection
	GlobalSection(ExtensibilityGlobals) = postSolution
		SolutionGuid = {55AAA1F1-B4C6-488B-AB5C-5582BCA5C24F}
	EndGlobalSection
EndGlobal
